
Microsoft Visual Studio Solution File, Format Version 12.00
# Visual Studio Version 17
VisualStudioVersion = 17.14.36401.2
MinimumVisualStudioVersion = 10.0.40219.1
Project("{FAE04EC0-301F-11D3-BF4B-00C04F79EFBC}") = "KaraokeManagement", "KaraokeManagement\KaraokeManagement.csproj", "{55710AAA-0F7F-4B2F-B978-EDB6D02DF99A}"
EndProject
Project("{FAE04EC0-301F-11D3-BF4B-00C04F79EFBC}") = "DAL", "DAL\DAL.csproj", "{3563C0CE-DB90-4FDE-B8EA-245FE825C470}"
EndProject
Project("{FAE04EC0-301F-11D3-BF4B-00C04F79EFBC}") = "DTO", "DTO\DTO.csproj", "{86D1AFE9-33DB-4FB0-BE07-92FB56F83396}"
EndProject
Global
	GlobalSection(SolutionConfigurationPlatforms) = preSolution
		Debug|Any CPU = Debug|Any CPU
		Release|Any CPU = Release|Any CPU
	EndGlobalSection
	GlobalSection(ProjectConfigurationPlatforms) = postSolution
		{55710AAA-0F7F-4B2F-B978-EDB6D02DF99A}.Debug|Any CPU.ActiveCfg = Debug|Any CPU
		{55710AAA-0F7F-4B2F-B978-EDB6D02DF99A}.Debug|Any CPU.Build.0 = Debug|Any CPU
		{55710AAA-0F7F-4B2F-B978-EDB6D02DF99A}.Release|Any CPU.ActiveCfg = Release|Any CPU
		{55710AAA-0F7F-4B2F-B978-EDB6D02DF99A}.Release|Any CPU.Build.0 = Release|Any CPU
		{3563C0CE-DB90-4FDE-B8EA-245FE825C470}.Debug|Any CPU.ActiveCfg = Debug|Any CPU
		{3563C0CE-DB90-4FDE-B8EA-245FE825C470}.Debug|Any CPU.Build.0 = Debug|Any CPU
		{3563C0CE-DB90-4FDE-B8EA-245FE825C470}.Release|Any CPU.ActiveCfg = Release|Any CPU
		{3563C0CE-DB90-4FDE-B8EA-245FE825C470}.Release|Any CPU.Build.0 = Release|Any CPU
		{86D1AFE9-33DB-4FB0-BE07-92FB56F83396}.Debug|Any CPU.ActiveCfg = Debug|Any CPU
		{86D1AFE9-33DB-4FB0-BE07-92FB56F83396}.Debug|Any CPU.Build.0 = Debug|Any CPU
		{86D1AFE9-33DB-4FB0-BE07-92FB56F83396}.Release|Any CPU.ActiveCfg = Release|Any CPU
		{86D1AFE9-33DB-4FB0-BE07-92FB56F83396}.Release|Any CPU.Build.0 = Release|Any CPU
	EndGlobalSection
	GlobalSection(SolutionProperties) = preSolution
		HideSolutionNode = FALSE
	EndGlobalSection
	GlobalSection(ExtensibilityGlobals) = postSolution
		SolutionGuid = {2ED8055B-D397-492C-9071-35BBA98D9C1B}
	EndGlobalSection
EndGlobal
